
Microsoft Visual Studio Solution File, Format Version 12.00
# Visual Studio Version 17
VisualStudioVersion = 17.0.32014.148
MinimumVisualStudioVersion = 10.0.40219.1
Project("{FAE04EC0-301F-11D3-BF4B-00C04F79EFBC}") = "tehtavat 10-24.1.2022 summa", "tehtavat 10-24.1.2022\tehtavat 10-24.1.2022 summa.csproj", "{1CA8FA20-9843-49B9-8810-B4F1F4E05F73}"
EndProject
Global
	GlobalSection(SolutionConfigurationPlatforms) = preSolution
		Debug|Any CPU = Debug|Any CPU
		Release|Any CPU = Release|Any CPU
	EndGlobalSection
	GlobalSection(ProjectConfigurationPlatforms) = postSolution
		{1CA8FA20-9843-49B9-8810-B4F1F4E05F73}.Debug|Any CPU.ActiveCfg = Debug|Any CPU
		{1CA8FA20-9843-49B9-8810-B4F1F4E05F73}.Debug|Any CPU.Build.0 = Debug|Any CPU
		{1CA8FA20-9843-49B9-8810-B4F1F4E05F73}.Release|Any CPU.ActiveCfg = Release|Any CPU
		{1CA8FA20-9843-49B9-8810-B4F1F4E05F73}.Release|Any CPU.Build.0 = Release|Any CPU
	EndGlobalSection
	GlobalSection(SolutionProperties) = preSolution
		HideSolutionNode = FALSE
	EndGlobalSection
	GlobalSection(ExtensibilityGlobals) = postSolution
		SolutionGuid = {1298DB2C-12D8-4468-8BBF-2B08A0A6687F}
	EndGlobalSection
EndGlobal
